// !$*UTF8*$!
{
	archiveVersion = 1;
	classes = {
	};
	objectVersion = 50;
	objects = {

/* Begin PBXBuildFile section */
		6C0EA6C026D2A70100D15951 /* RectangleCard.swift in Sources */ = {isa = PBXBuildFile; fileRef = 6C0EA6BF26D2A70100D15951 /* RectangleCard.swift */; };
		6C15473A26D0ACF20003FE40 /* LearningHubApp.swift in Sources */ = {isa = PBXBuildFile; fileRef = 6C15473926D0ACF20003FE40 /* LearningHubApp.swift */; };
		6C15473C26D0ACF20003FE40 /* HomeView.swift in Sources */ = {isa = PBXBuildFile; fileRef = 6C15473B26D0ACF20003FE40 /* HomeView.swift */; };
		6C15473E26D0ACF20003FE40 /* Assets.xcassets in Resources */ = {isa = PBXBuildFile; fileRef = 6C15473D26D0ACF20003FE40 /* Assets.xcassets */; };
		6C15474126D0ACF20003FE40 /* Preview Assets.xcassets in Resources */ = {isa = PBXBuildFile; fileRef = 6C15474026D0ACF20003FE40 /* Preview Assets.xcassets */; };
		6C15474E26D0ADCF0003FE40 /* ContentModel.swift in Sources */ = {isa = PBXBuildFile; fileRef = 6C15474D26D0ADCF0003FE40 /* ContentModel.swift */; };
		6C15475026D0B0430003FE40 /* data.json in Resources */ = {isa = PBXBuildFile; fileRef = 6C15474F26D0B0430003FE40 /* data.json */; };
		6C15475226D0B1C20003FE40 /* style.html in Resources */ = {isa = PBXBuildFile; fileRef = 6C15475126D0B1C20003FE40 /* style.html */; };
		6C15475626D0B4850003FE40 /* Models.swift in Sources */ = {isa = PBXBuildFile; fileRef = 6C15475526D0B4850003FE40 /* Models.swift */; };
		6C3929AC26D201A5009AE2DC /* CodeTextView.swift in Sources */ = {isa = PBXBuildFile; fileRef = 6C3929AB26D201A5009AE2DC /* CodeTextView.swift */; };
		6CBA116826D18CAD000A92FD /* ContentView.swift in Sources */ = {isa = PBXBuildFile; fileRef = 6CBA116426D18CAD000A92FD /* ContentView.swift */; };
		6CBA116926D18CAD000A92FD /* ContentViewRow.swift in Sources */ = {isa = PBXBuildFile; fileRef = 6CBA116526D18CAD000A92FD /* ContentViewRow.swift */; };
		6CBA116B26D18CAD000A92FD /* HomeViewRow.swift in Sources */ = {isa = PBXBuildFile; fileRef = 6CBA116726D18CAD000A92FD /* HomeViewRow.swift */; };
		6CBA116F26D19197000A92FD /* ContentDetailView.swift in Sources */ = {isa = PBXBuildFile; fileRef = 6CBA116E26D19197000A92FD /* ContentDetailView.swift */; };
		6CBA117226D19385000A92FD /* AVKit.framework in Frameworks */ = {isa = PBXBuildFile; fileRef = 6CBA117126D19385000A92FD /* AVKit.framework */; };
		6CBA117426D196A4000A92FD /* Constants.swift in Sources */ = {isa = PBXBuildFile; fileRef = 6CBA117326D196A4000A92FD /* Constants.swift */; };
/* End PBXBuildFile section */

/* Begin PBXFileReference section */
		6C0EA6BF26D2A70100D15951 /* RectangleCard.swift */ = {isa = PBXFileReference; lastKnownFileType = sourcecode.swift; path = RectangleCard.swift; sourceTree = "<group>"; };
		6C15473626D0ACF20003FE40 /* LearningHub.app */ = {isa = PBXFileReference; explicitFileType = wrapper.application; includeInIndex = 0; path = LearningHub.app; sourceTree = BUILT_PRODUCTS_DIR; };
		6C15473926D0ACF20003FE40 /* LearningHubApp.swift */ = {isa = PBXFileReference; lastKnownFileType = sourcecode.swift; path = LearningHubApp.swift; sourceTree = "<group>"; };
		6C15473B26D0ACF20003FE40 /* HomeView.swift */ = {isa = PBXFileReference; lastKnownFileType = sourcecode.swift; path = HomeView.swift; sourceTree = "<group>"; };
		6C15473D26D0ACF20003FE40 /* Assets.xcassets */ = {isa = PBXFileReference; lastKnownFileType = folder.assetcatalog; path = Assets.xcassets; sourceTree = "<group>"; };
		6C15474026D0ACF20003FE40 /* Preview Assets.xcassets */ = {isa = PBXFileReference; lastKnownFileType = folder.assetcatalog; path = "Preview Assets.xcassets"; sourceTree = "<group>"; };
		6C15474226D0ACF20003FE40 /* Info.plist */ = {isa = PBXFileReference; lastKnownFileType = text.plist.xml; path = Info.plist; sourceTree = "<group>"; };
		6C15474D26D0ADCF0003FE40 /* ContentModel.swift */ = {isa = PBXFileReference; lastKnownFileType = sourcecode.swift; path = ContentModel.swift; sourceTree = "<group>"; };
		6C15474F26D0B0430003FE40 /* data.json */ = {isa = PBXFileReference; fileEncoding = 4; lastKnownFileType = text.json; path = data.json; sourceTree = "<group>"; };
		6C15475126D0B1C20003FE40 /* style.html */ = {isa = PBXFileReference; fileEncoding = 4; lastKnownFileType = text.html; path = style.html; sourceTree = "<group>"; };
		6C15475526D0B4850003FE40 /* Models.swift */ = {isa = PBXFileReference; lastKnownFileType = sourcecode.swift; path = Models.swift; sourceTree = "<group>"; };
		6C3929AB26D201A5009AE2DC /* CodeTextView.swift */ = {isa = PBXFileReference; lastKnownFileType = sourcecode.swift; path = CodeTextView.swift; sourceTree = "<group>"; };
		6CBA116426D18CAD000A92FD /* ContentView.swift */ = {isa = PBXFileReference; fileEncoding = 4; lastKnownFileType = sourcecode.swift; path = ContentView.swift; sourceTree = "<group>"; };
		6CBA116526D18CAD000A92FD /* ContentViewRow.swift */ = {isa = PBXFileReference; fileEncoding = 4; lastKnownFileType = sourcecode.swift; path = ContentViewRow.swift; sourceTree = "<group>"; };
		6CBA116726D18CAD000A92FD /* HomeViewRow.swift */ = {isa = PBXFileReference; fileEncoding = 4; lastKnownFileType = sourcecode.swift; path = HomeViewRow.swift; sourceTree = "<group>"; };
		6CBA116E26D19197000A92FD /* ContentDetailView.swift */ = {isa = PBXFileReference; lastKnownFileType = sourcecode.swift; path = ContentDetailView.swift; sourceTree = "<group>"; };
		6CBA117126D19385000A92FD /* AVKit.framework */ = {isa = PBXFileReference; lastKnownFileType = wrapper.framework; name = AVKit.framework; path = System/Library/Frameworks/AVKit.framework; sourceTree = SDKROOT; };
		6CBA117326D196A4000A92FD /* Constants.swift */ = {isa = PBXFileReference; lastKnownFileType = sourcecode.swift; path = Constants.swift; sourceTree = "<group>"; };
/* End PBXFileReference section */

/* Begin PBXFrameworksBuildPhase section */
		6C15473326D0ACF20003FE40 /* Frameworks */ = {
			isa = PBXFrameworksBuildPhase;
			buildActionMask = 2147483647;
			files = (
				6CBA117226D19385000A92FD /* AVKit.framework in Frameworks */,
			);
			runOnlyForDeploymentPostprocessing = 0;
		};
/* End PBXFrameworksBuildPhase section */

/* Begin PBXGroup section */
		6C15472D26D0ACF20003FE40 = {
			isa = PBXGroup;
			children = (
				6C15473826D0ACF20003FE40 /* LearningHub */,
				6C15473726D0ACF20003FE40 /* Products */,
				6CBA117026D19385000A92FD /* Frameworks */,
			);
			sourceTree = "<group>";
		};
		6C15473726D0ACF20003FE40 /* Products */ = {
			isa = PBXGroup;
			children = (
				6C15473626D0ACF20003FE40 /* LearningHub.app */,
			);
			name = Products;
			sourceTree = "<group>";
		};
		6C15473826D0ACF20003FE40 /* LearningHub */ = {
			isa = PBXGroup;
			children = (
				6C15473926D0ACF20003FE40 /* LearningHubApp.swift */,
				6C15474826D0AD320003FE40 /* Views */,
				6C15474926D0AD390003FE40 /* ViewModels */,
				6C15474A26D0AD450003FE40 /* Models */,
				6C15474B26D0AD560003FE40 /* Resources */,
				6C15474C26D0AD610003FE40 /* Helpers */,
				6C15473D26D0ACF20003FE40 /* Assets.xcassets */,
				6C15474226D0ACF20003FE40 /* Info.plist */,
				6C15473F26D0ACF20003FE40 /* Preview Content */,
			);
			path = LearningHub;
			sourceTree = "<group>";
		};
		6C15473F26D0ACF20003FE40 /* Preview Content */ = {
			isa = PBXGroup;
			children = (
				6C15474026D0ACF20003FE40 /* Preview Assets.xcassets */,
			);
			path = "Preview Content";
			sourceTree = "<group>";
		};
		6C15474826D0AD320003FE40 /* Views */ = {
			isa = PBXGroup;
			children = (
				6CBA116426D18CAD000A92FD /* ContentView.swift */,
				6CBA116526D18CAD000A92FD /* ContentViewRow.swift */,
				6CBA116726D18CAD000A92FD /* HomeViewRow.swift */,
				6C15473B26D0ACF20003FE40 /* HomeView.swift */,
				6CBA116E26D19197000A92FD /* ContentDetailView.swift */,
				6C3929AB26D201A5009AE2DC /* CodeTextView.swift */,
				6C0EA6BF26D2A70100D15951 /* RectangleCard.swift */,
			);
			path = Views;
			sourceTree = "<group>";
		};
		6C15474926D0AD390003FE40 /* ViewModels */ = {
			isa = PBXGroup;
			children = (
				6C15474D26D0ADCF0003FE40 /* ContentModel.swift */,
			);
			path = ViewModels;
			sourceTree = "<group>";
		};
		6C15474A26D0AD450003FE40 /* Models */ = {
			isa = PBXGroup;
			children = (
				6C15475526D0B4850003FE40 /* Models.swift */,
			);
			path = Models;
			sourceTree = "<group>";
		};
		6C15474B26D0AD560003FE40 /* Resources */ = {
			isa = PBXGroup;
			children = (
				6C15474F26D0B0430003FE40 /* data.json */,
				6C15475126D0B1C20003FE40 /* style.html */,
				6CBA117326D196A4000A92FD /* Constants.swift */,
			);
			path = Resources;
			sourceTree = "<group>";
		};
		6C15474C26D0AD610003FE40 /* Helpers */ = {
			isa = PBXGroup;
			children = (
			);
			path = Helpers;
			sourceTree = "<group>";
		};
		6CBA117026D19385000A92FD /* Frameworks */ = {
			isa = PBXGroup;
			children = (
				6CBA117126D19385000A92FD /* AVKit.framework */,
			);
			name = Frameworks;
			sourceTree = "<group>";
		};
/* End PBXGroup section */

/* Begin PBXNativeTarget section */
		6C15473526D0ACF20003FE40 /* LearningHub */ = {
			isa = PBXNativeTarget;
			buildConfigurationList = 6C15474526D0ACF20003FE40 /* Build configuration list for PBXNativeTarget "LearningHub" */;
			buildPhases = (
				6C15473226D0ACF20003FE40 /* Sources */,
				6C15473326D0ACF20003FE40 /* Frameworks */,
				6C15473426D0ACF20003FE40 /* Resources */,
			);
			buildRules = (
			);
			dependencies = (
			);
			name = LearningHub;
			productName = LearningHub;
			productReference = 6C15473626D0ACF20003FE40 /* LearningHub.app */;
			productType = "com.apple.product-type.application";
		};
/* End PBXNativeTarget section */

/* Begin PBXProject section */
		6C15472E26D0ACF20003FE40 /* Project object */ = {
			isa = PBXProject;
			attributes = {
				LastSwiftUpdateCheck = 1250;
				LastUpgradeCheck = 1250;
				TargetAttributes = {
					6C15473526D0ACF20003FE40 = {
						CreatedOnToolsVersion = 12.5.1;
					};
				};
			};
			buildConfigurationList = 6C15473126D0ACF20003FE40 /* Build configuration list for PBXProject "LearningHub" */;
			compatibilityVersion = "Xcode 9.3";
			developmentRegion = en;
			hasScannedForEncodings = 0;
			knownRegions = (
				en,
				Base,
			);
			mainGroup = 6C15472D26D0ACF20003FE40;
			productRefGroup = 6C15473726D0ACF20003FE40 /* Products */;
			projectDirPath = "";
			projectRoot = "";
			targets = (
				6C15473526D0ACF20003FE40 /* LearningHub */,
			);
		};
/* End PBXProject section */

/* Begin PBXResourcesBuildPhase section */
		6C15473426D0ACF20003FE40 /* Resources */ = {
			isa = PBXResourcesBuildPhase;
			buildActionMask = 2147483647;
			files = (
				6C15474126D0ACF20003FE40 /* Preview Assets.xcassets in Resources */,
				6C15475026D0B0430003FE40 /* data.json in Resources */,
				6C15475226D0B1C20003FE40 /* style.html in Resources */,
				6C15473E26D0ACF20003FE40 /* Assets.xcassets in Resources */,
			);
			runOnlyForDeploymentPostprocessing = 0;
		};
/* End PBXResourcesBuildPhase section */

/* Begin PBXSourcesBuildPhase section */
		6C15473226D0ACF20003FE40 /* Sources */ = {
			isa = PBXSourcesBuildPhase;
			buildActionMask = 2147483647;
			files = (
				6CBA116B26D18CAD000A92FD /* HomeViewRow.swift in Sources */,
				6C15473C26D0ACF20003FE40 /* HomeView.swift in Sources */,
				6CBA116826D18CAD000A92FD /* ContentView.swift in Sources */,
				6CBA116F26D19197000A92FD /* ContentDetailView.swift in Sources */,
				6C15473A26D0ACF20003FE40 /* LearningHubApp.swift in Sources */,
				6C15474E26D0ADCF0003FE40 /* ContentModel.swift in Sources */,
				6C3929AC26D201A5009AE2DC /* CodeTextView.swift in Sources */,
				6C15475626D0B4850003FE40 /* Models.swift in Sources */,
				6CBA116926D18CAD000A92FD /* ContentViewRow.swift in Sources */,
				6C0EA6C026D2A70100D15951 /* RectangleCard.swift in Sources */,
				6CBA117426D196A4000A92FD /* Constants.swift in Sources */,
			);
			runOnlyForDeploymentPostprocessing = 0;
		};
/* End PBXSourcesBuildPhase section */

/* Begin XCBuildConfiguration section */
		6C15474326D0ACF20003FE40 /* Debug */ = {
			isa = XCBuildConfiguration;
			buildSettings = {
				ALWAYS_SEARCH_USER_PATHS = NO;
				CLANG_ANALYZER_NONNULL = YES;
				CLANG_ANALYZER_NUMBER_OBJECT_CONVERSION = YES_AGGRESSIVE;
				CLANG_CXX_LANGUAGE_STANDARD = "gnu++14";
				CLANG_CXX_LIBRARY = "libc++";
				CLANG_ENABLE_MODULES = YES;
				CLANG_ENABLE_OBJC_ARC = YES;
				CLANG_ENABLE_OBJC_WEAK = YES;
				CLANG_WARN_BLOCK_CAPTURE_AUTORELEASING = YES;
				CLANG_WARN_BOOL_CONVERSION = YES;
				CLANG_WARN_COMMA = YES;
				CLANG_WARN_CONSTANT_CONVERSION = YES;
				CLANG_WARN_DEPRECATED_OBJC_IMPLEMENTATIONS = YES;
				CLANG_WARN_DIRECT_OBJC_ISA_USAGE = YES_ERROR;
				CLANG_WARN_DOCUMENTATION_COMMENTS = YES;
				CLANG_WARN_EMPTY_BODY = YES;
				CLANG_WARN_ENUM_CONVERSION = YES;
				CLANG_WARN_INFINITE_RECURSION = YES;
				CLANG_WARN_INT_CONVERSION = YES;
				CLANG_WARN_NON_LITERAL_NULL_CONVERSION = YES;
				CLANG_WARN_OBJC_IMPLICIT_RETAIN_SELF = YES;
				CLANG_WARN_OBJC_LITERAL_CONVERSION = YES;
				CLANG_WARN_OBJC_ROOT_CLASS = YES_ERROR;
				CLANG_WARN_QUOTED_INCLUDE_IN_FRAMEWORK_HEADER = YES;
				CLANG_WARN_RANGE_LOOP_ANALYSIS = YES;
				CLANG_WARN_STRICT_PROTOTYPES = YES;
				CLANG_WARN_SUSPICIOUS_MOVE = YES;
				CLANG_WARN_UNGUARDED_AVAILABILITY = YES_AGGRESSIVE;
				CLANG_WARN_UNREACHABLE_CODE = YES;
				CLANG_WARN__DUPLICATE_METHOD_MATCH = YES;
				COPY_PHASE_STRIP = NO;
				DEBUG_INFORMATION_FORMAT = dwarf;
				ENABLE_STRICT_OBJC_MSGSEND = YES;
				ENABLE_TESTABILITY = YES;
				GCC_C_LANGUAGE_STANDARD = gnu11;
				GCC_DYNAMIC_NO_PIC = NO;
				GCC_NO_COMMON_BLOCKS = YES;
				GCC_OPTIMIZATION_LEVEL = 0;
				GCC_PREPROCESSOR_DEFINITIONS = (
					"DEBUG=1",
					"$(inherited)",
				);
				GCC_WARN_64_TO_32_BIT_CONVERSION = YES;
				GCC_WARN_ABOUT_RETURN_TYPE = YES_ERROR;
				GCC_WARN_UNDECLARED_SELECTOR = YES;
				GCC_WARN_UNINITIALIZED_AUTOS = YES_AGGRESSIVE;
				GCC_WARN_UNUSED_FUNCTION = YES;
				GCC_WARN_UNUSED_VARIABLE = YES;
				IPHONEOS_DEPLOYMENT_TARGET = 14.5;
				MTL_ENABLE_DEBUG_INFO = INCLUDE_SOURCE;
				MTL_FAST_MATH = YES;
				ONLY_ACTIVE_ARCH = YES;
				SDKROOT = iphoneos;
				SWIFT_ACTIVE_COMPILATION_CONDITIONS = DEBUG;
				SWIFT_OPTIMIZATION_LEVEL = "-Onone";
			};
			name = Debug;
		};
		6C15474426D0ACF20003FE40 /* Release */ = {
			isa = XCBuildConfiguration;
			buildSettings = {
				ALWAYS_SEARCH_USER_PATHS = NO;
				CLANG_ANALYZER_NONNULL = YES;
				CLANG_ANALYZER_NUMBER_OBJECT_CONVERSION = YES_AGGRESSIVE;
				CLANG_CXX_LANGUAGE_STANDARD = "gnu++14";
				CLANG_CXX_LIBRARY = "libc++";
				CLANG_ENABLE_MODULES = YES;
				CLANG_ENABLE_OBJC_ARC = YES;
				CLANG_ENABLE_OBJC_WEAK = YES;
				CLANG_WARN_BLOCK_CAPTURE_AUTORELEASING = YES;
				CLANG_WARN_BOOL_CONVERSION = YES;
				CLANG_WARN_COMMA = YES;
				CLANG_WARN_CONSTANT_CONVERSION = YES;
				CLANG_WARN_DEPRECATED_OBJC_IMPLEMENTATIONS = YES;
				CLANG_WARN_DIRECT_OBJC_ISA_USAGE = YES_ERROR;
				CLANG_WARN_DOCUMENTATION_COMMENTS = YES;
				CLANG_WARN_EMPTY_BODY = YES;
				CLANG_WARN_ENUM_CONVERSION = YES;
				CLANG_WARN_INFINITE_RECURSION = YES;
				CLANG_WARN_INT_CONVERSION = YES;
				CLANG_WARN_NON_LITERAL_NULL_CONVERSION = YES;
				CLANG_WARN_OBJC_IMPLICIT_RETAIN_SELF = YES;
				CLANG_WARN_OBJC_LITERAL_CONVERSION = YES;
				CLANG_WARN_OBJC_ROOT_CLASS = YES_ERROR;
				CLANG_WARN_QUOTED_INCLUDE_IN_FRAMEWORK_HEADER = YES;
				CLANG_WARN_RANGE_LOOP_ANALYSIS = YES;
				CLANG_WARN_STRICT_PROTOTYPES = YES;
				CLANG_WARN_SUSPICIOUS_MOVE = YES;
				CLANG_WARN_UNGUARDED_AVAILABILITY = YES_AGGRESSIVE;
				CLANG_WARN_UNREACHABLE_CODE = YES;
				CLANG_WARN__DUPLICATE_METHOD_MATCH = YES;
				COPY_PHASE_STRIP = NO;
				DEBUG_INFORMATION_FORMAT = "dwarf-with-dsym";
				ENABLE_NS_ASSERTIONS = NO;
				ENABLE_STRICT_OBJC_MSGSEND = YES;
				GCC_C_LANGUAGE_STANDARD = gnu11;
				GCC_NO_COMMON_BLOCKS = YES;
				GCC_WARN_64_TO_32_BIT_CONVERSION = YES;
				GCC_WARN_ABOUT_RETURN_TYPE = YES_ERROR;
				GCC_WARN_UNDECLARED_SELECTOR = YES;
				GCC_WARN_UNINITIALIZED_AUTOS = YES_AGGRESSIVE;
				GCC_WARN_UNUSED_FUNCTION = YES;
				GCC_WARN_UNUSED_VARIABLE = YES;
				IPHONEOS_DEPLOYMENT_TARGET = 14.5;
				MTL_ENABLE_DEBUG_INFO = NO;
				MTL_FAST_MATH = YES;
				SDKROOT = iphoneos;
				SWIFT_COMPILATION_MODE = wholemodule;
				SWIFT_OPTIMIZATION_LEVEL = "-O";
				VALIDATE_PRODUCT = YES;
			};
			name = Release;
		};
		6C15474626D0ACF20003FE40 /* Debug */ = {
			isa = XCBuildConfiguration;
			buildSettings = {
				ASSETCATALOG_COMPILER_APPICON_NAME = AppIcon;
				ASSETCATALOG_COMPILER_GLOBAL_ACCENT_COLOR_NAME = AccentColor;
				CODE_SIGN_STYLE = Automatic;
				DEVELOPMENT_ASSET_PATHS = "\"LearningHub/Preview Content\"";
				ENABLE_PREVIEWS = YES;
				INFOPLIST_FILE = LearningHub/Info.plist;
				IPHONEOS_DEPLOYMENT_TARGET = 14.0;
				LD_RUNPATH_SEARCH_PATHS = (
					"$(inherited)",
					"@executable_path/Frameworks",
				);
				PRODUCT_BUNDLE_IDENTIFIER = com.shrikantamazumder.LearningHub;
				PRODUCT_NAME = "$(TARGET_NAME)";
				SWIFT_VERSION = 5.0;
				TARGETED_DEVICE_FAMILY = "1,2";
			};
			name = Debug;
		};
		6C15474726D0ACF20003FE40 /* Release */ = {
			isa = XCBuildConfiguration;
			buildSettings = {
				ASSETCATALOG_COMPILER_APPICON_NAME = AppIcon;
				ASSETCATALOG_COMPILER_GLOBAL_ACCENT_COLOR_NAME = AccentColor;
				CODE_SIGN_STYLE = Automatic;
				DEVELOPMENT_ASSET_PATHS = "\"LearningHub/Preview Content\"";
				ENABLE_PREVIEWS = YES;
				INFOPLIST_FILE = LearningHub/Info.plist;
				IPHONEOS_DEPLOYMENT_TARGET = 14.0;
				LD_RUNPATH_SEARCH_PATHS = (
					"$(inherited)",
					"@executable_path/Frameworks",
				);
				PRODUCT_BUNDLE_IDENTIFIER = com.shrikantamazumder.LearningHub;
				PRODUCT_NAME = "$(TARGET_NAME)";
				SWIFT_VERSION = 5.0;
				TARGETED_DEVICE_FAMILY = "1,2";
			};
			name = Release;
		};
/* End XCBuildConfiguration section */

/* Begin XCConfigurationList section */
		6C15473126D0ACF20003FE40 /* Build configuration list for PBXProject "LearningHub" */ = {
			isa = XCConfigurationList;
			buildConfigurations = (
				6C15474326D0ACF20003FE40 /* Debug */,
				6C15474426D0ACF20003FE40 /* Release */,
			);
			defaultConfigurationIsVisible = 0;
			defaultConfigurationName = Release;
		};
		6C15474526D0ACF20003FE40 /* Build configuration list for PBXNativeTarget "LearningHub" */ = {
			isa = XCConfigurationList;
			buildConfigurations = (
				6C15474626D0ACF20003FE40 /* Debug */,
				6C15474726D0ACF20003FE40 /* Release */,
			);
			defaultConfigurationIsVisible = 0;
			defaultConfigurationName = Release;
		};
/* End XCConfigurationList section */
	};
	rootObject = 6C15472E26D0ACF20003FE40 /* Project object */;
}
